
Microsoft Visual Studio Solution File, Format Version 12.00
# Visual Studio Version 17
VisualStudioVersion = 17.6.33815.320
MinimumVisualStudioVersion = 10.0.40219.1
Project("{2150E333-8FDC-42A3-9474-1A3956D46DE8}") = "core", "core", "{933104F7-4744-4208-9635-3F752A0FF837}"
EndProject
Project("{2150E333-8FDC-42A3-9474-1A3956D46DE8}") = "web", "web", "{6B3FF0C6-E473-4F2D-AAF1-7D6A2FBE2B29}"
EndProject
Project("{FAE04EC0-301F-11D3-BF4B-00C04F79EFBC}") = "IMS.Web", "Application\IMS.Web\IMS.Web.csproj", "{FCEFBBE9-CFCD-409A-9253-9838918A9F3B}"
EndProject
Project("{FAE04EC0-301F-11D3-BF4B-00C04F79EFBC}") = "IMS.BusinessModels", "Libraries\IMS.BusinessModels\IMS.BusinessModels.csproj", "{0B937F07-1B0C-4ABC-BD95-C5C4C8CDCA39}"
EndProject
Global
	GlobalSection(SolutionConfigurationPlatforms) = preSolution
		Debug|Any CPU = Debug|Any CPU
		Release|Any CPU = Release|Any CPU
	EndGlobalSection
	GlobalSection(ProjectConfigurationPlatforms) = postSolution
		{FCEFBBE9-CFCD-409A-9253-9838918A9F3B}.Debug|Any CPU.ActiveCfg = Debug|Any CPU
		{FCEFBBE9-CFCD-409A-9253-9838918A9F3B}.Debug|Any CPU.Build.0 = Debug|Any CPU
		{FCEFBBE9-CFCD-409A-9253-9838918A9F3B}.Release|Any CPU.ActiveCfg = Release|Any CPU
		{FCEFBBE9-CFCD-409A-9253-9838918A9F3B}.Release|Any CPU.Build.0 = Release|Any CPU
		{0B937F07-1B0C-4ABC-BD95-C5C4C8CDCA39}.Debug|Any CPU.ActiveCfg = Debug|Any CPU
		{0B937F07-1B0C-4ABC-BD95-C5C4C8CDCA39}.Debug|Any CPU.Build.0 = Debug|Any CPU
		{0B937F07-1B0C-4ABC-BD95-C5C4C8CDCA39}.Release|Any CPU.ActiveCfg = Release|Any CPU
		{0B937F07-1B0C-4ABC-BD95-C5C4C8CDCA39}.Release|Any CPU.Build.0 = Release|Any CPU
	EndGlobalSection
	GlobalSection(SolutionProperties) = preSolution
		HideSolutionNode = FALSE
	EndGlobalSection
	GlobalSection(NestedProjects) = preSolution
		{FCEFBBE9-CFCD-409A-9253-9838918A9F3B} = {6B3FF0C6-E473-4F2D-AAF1-7D6A2FBE2B29}
		{0B937F07-1B0C-4ABC-BD95-C5C4C8CDCA39} = {933104F7-4744-4208-9635-3F752A0FF837}
	EndGlobalSection
	GlobalSection(ExtensibilityGlobals) = postSolution
		SolutionGuid = {FD6A8E63-6935-495C-8DBE-0295F4D20C72}
	EndGlobalSection
EndGlobal
