
Microsoft Visual Studio Solution File, Format Version 12.00
# Visual Studio Version 17
VisualStudioVersion = 17.6.33815.320
MinimumVisualStudioVersion = 10.0.40219.1
Project("{2150E333-8FDC-42A3-9474-1A3956D46DE8}") = "Core", "Core", "{6507639A-4E31-4AB5-9122-A8D79DEFDAF9}"
EndProject
Project("{2150E333-8FDC-42A3-9474-1A3956D46DE8}") = "Web", "Web", "{3ADA1DB5-09EA-4007-85E7-6A3CF7079307}"
EndProject
Project("{9A19103F-16F7-4668-BE54-9A1E7A4F7556}") = "IMS.BusinessModel", "Core\IMS.BusinessModel\IMS.BusinessModel.csproj", "{4F8319BE-7D86-4DD3-A5F0-4BF608A488EC}"
EndProject
Project("{FAE04EC0-301F-11D3-BF4B-00C04F79EFBC}") = "IMS.BusinessRules", "Core\IMS.BusinessRules\IMS.BusinessRules.csproj", "{DB1A8031-388E-4BAE-A065-0A0F01B5DFBA}"
EndProject
Project("{FAE04EC0-301F-11D3-BF4B-00C04F79EFBC}") = "IMS.Dao", "Core\IMS.Dao\IMS.Dao.csproj", "{2F40636B-5062-4B61-B01A-86F060FD9102}"
EndProject
Project("{FAE04EC0-301F-11D3-BF4B-00C04F79EFBC}") = "IMS.Services", "Core\IMS.Services\IMS.Services.csproj", "{66EC614F-A90C-4319-B3D0-68880EF7AC47}"
EndProject
Project("{FAE04EC0-301F-11D3-BF4B-00C04F79EFBC}") = "IMS", "Web\IMS\IMS.csproj", "{6F7A508A-1C44-4102-8D16-73D23FBF1A05}"
EndProject
Global
	GlobalSection(SolutionConfigurationPlatforms) = preSolution
		Debug|Any CPU = Debug|Any CPU
		Release|Any CPU = Release|Any CPU
	EndGlobalSection
	GlobalSection(ProjectConfigurationPlatforms) = postSolution
		{4F8319BE-7D86-4DD3-A5F0-4BF608A488EC}.Debug|Any CPU.ActiveCfg = Debug|Any CPU
		{4F8319BE-7D86-4DD3-A5F0-4BF608A488EC}.Debug|Any CPU.Build.0 = Debug|Any CPU
		{4F8319BE-7D86-4DD3-A5F0-4BF608A488EC}.Release|Any CPU.ActiveCfg = Release|Any CPU
		{4F8319BE-7D86-4DD3-A5F0-4BF608A488EC}.Release|Any CPU.Build.0 = Release|Any CPU
		{DB1A8031-388E-4BAE-A065-0A0F01B5DFBA}.Debug|Any CPU.ActiveCfg = Debug|Any CPU
		{DB1A8031-388E-4BAE-A065-0A0F01B5DFBA}.Debug|Any CPU.Build.0 = Debug|Any CPU
		{DB1A8031-388E-4BAE-A065-0A0F01B5DFBA}.Release|Any CPU.ActiveCfg = Release|Any CPU
		{DB1A8031-388E-4BAE-A065-0A0F01B5DFBA}.Release|Any CPU.Build.0 = Release|Any CPU
		{2F40636B-5062-4B61-B01A-86F060FD9102}.Debug|Any CPU.ActiveCfg = Debug|Any CPU
		{2F40636B-5062-4B61-B01A-86F060FD9102}.Debug|Any CPU.Build.0 = Debug|Any CPU
		{2F40636B-5062-4B61-B01A-86F060FD9102}.Release|Any CPU.ActiveCfg = Release|Any CPU
		{2F40636B-5062-4B61-B01A-86F060FD9102}.Release|Any CPU.Build.0 = Release|Any CPU
		{66EC614F-A90C-4319-B3D0-68880EF7AC47}.Debug|Any CPU.ActiveCfg = Debug|Any CPU
		{66EC614F-A90C-4319-B3D0-68880EF7AC47}.Debug|Any CPU.Build.0 = Debug|Any CPU
		{66EC614F-A90C-4319-B3D0-68880EF7AC47}.Release|Any CPU.ActiveCfg = Release|Any CPU
		{66EC614F-A90C-4319-B3D0-68880EF7AC47}.Release|Any CPU.Build.0 = Release|Any CPU
		{6F7A508A-1C44-4102-8D16-73D23FBF1A05}.Debug|Any CPU.ActiveCfg = Debug|Any CPU
		{6F7A508A-1C44-4102-8D16-73D23FBF1A05}.Debug|Any CPU.Build.0 = Debug|Any CPU
		{6F7A508A-1C44-4102-8D16-73D23FBF1A05}.Release|Any CPU.ActiveCfg = Release|Any CPU
		{6F7A508A-1C44-4102-8D16-73D23FBF1A05}.Release|Any CPU.Build.0 = Release|Any CPU
	EndGlobalSection
	GlobalSection(SolutionProperties) = preSolution
		HideSolutionNode = FALSE
	EndGlobalSection
	GlobalSection(NestedProjects) = preSolution
		{4F8319BE-7D86-4DD3-A5F0-4BF608A488EC} = {6507639A-4E31-4AB5-9122-A8D79DEFDAF9}
		{DB1A8031-388E-4BAE-A065-0A0F01B5DFBA} = {6507639A-4E31-4AB5-9122-A8D79DEFDAF9}
		{2F40636B-5062-4B61-B01A-86F060FD9102} = {6507639A-4E31-4AB5-9122-A8D79DEFDAF9}
		{66EC614F-A90C-4319-B3D0-68880EF7AC47} = {6507639A-4E31-4AB5-9122-A8D79DEFDAF9}
		{6F7A508A-1C44-4102-8D16-73D23FBF1A05} = {3ADA1DB5-09EA-4007-85E7-6A3CF7079307}
	EndGlobalSection
	GlobalSection(ExtensibilityGlobals) = postSolution
		SolutionGuid = {ACA4CF81-D064-46FD-B7CF-C019E841996D}
	EndGlobalSection
EndGlobal
